{
  "name": "nextjs-blog-app",
  "version": "1.0.0",
  "lockfileVersion": 3,
  "requires": true,
  "packages": {
    "": {
      "name": "nextjs-blog-app",
      "version": "1.0.0",
      "dependencies": {
        "autoprefixer": "10.4.16",
        "bcryptjs": "2.4.3",
        "date-fns": "3.0.6",
        "dompurify": "3.0.6",
        "jsonwebtoken": "9.0.2",
        "marked": "11.1.1",
        "next": "14.0.4",
        "postcss": "8.4.32",
        "react": "18.2.0",
        "react-dom": "18.2.0",
        "react-hook-form": "7.48.2",
        "sqlite3": "5.1.7",
        "tailwindcss": "3.4.0",
        "typeorm": "0.3.19"
      },
      "devDependencies": {
        "@types/bcryptjs": "2.4.6",
        "@types/jsonwebtoken": "9.0.4",
        "@types/marked": "5.0.2",
        "@types/node": "20.10.5",
        "@types/react": "18.2.45",
        "@types/react-dom": "18.2.18",
        "@typescript-eslint/eslint-plugin": "6.15.0",
        "@typescript-eslint/parser": "6.15.0",
        "eslint": "8.56.0",
        "eslint-config-next": "14.0.4",
        "reflect-metadata": "0.2.1",
        "ts-node": "10.9.2",
        "tsconfig-paths": "4.2.0",
        "typescript": "5.3.3"
      }
    },
    "node_modules/@types/bcryptjs": {
      "version": "2.4.6",
      "resolved": "https://registry.npmjs.org/@types/bcryptjs/-/bcryptjs-2.4.6.tgz",
      "integrity": "sha512-9xXZ5qVSRanvhpczwjAbgW/4vgppRbc7hLqobcPhgZccA2HpHErM5TQ3Cz5lbDW1TZ5c2/KMsnWl7VtKqL8abw==",
      "dev": true
    },
    "node_modules/@types/jsonwebtoken": {
      "version": "9.0.4",
      "resolved": "https://registry.npmjs.org/@types/jsonwebtoken/-/jsonwebtoken-9.0.4.tgz",
      "integrity": "sha512-tBINMqLlZoxadxhtK3yZngZPXu7pHeFhfxsyKBMqKcKYp9Nz6oQ5WWol8qLk0Qd8/LQIxfXEhbyW5PoxAD2Juw==",
      "dev": true,
      "dependencies": {
        "@types/node": "*"
      }
    },
    "node_modules/@types/marked": {
      "version": "5.0.2",
      "resolved": "https://registry.npmjs.org/@types/marked/-/marked-5.0.2.tgz",
      "integrity": "sha512-a50zhlqG7WcRdtYUewXyxZBt7qquVV+NOHw9svYgPwQmbwZYO3r1c34GEmJCT7GQp+UHqDCq3RwzVaEw8hQm2g==",
      "dev": true
    },
    "node_modules/@types/node": {
      "version": "20.10.5",
      "resolved": "https://registry.npmjs.org/@types/node/-/node-20.10.5.tgz",
      "integrity": "sha512-nNPsQ2A0uEXISOMdpK4lJ5W0eUZBBYcGbmZ3vOFrKt4mCjLdW0H6R4/PMzQ3/4Vp6KcVSTXMGKAtH30HPvASpZw==",
      "dev": true,
      "dependencies": {
        "undici-types": "~5.26.4"
      }
    },
    "node_modules/@types/react": {
      "version": "18.2.45",
      "resolved": "https://registry.npmjs.org/@types/react/-/react-18.2.45.tgz",
      "integrity": "sha512-KZbLuaN2c7nLmLLfRy7O8yAHuIhB29NJ+Z587o0YQneN0S/rlW/4KZGk9QRlQ8eE6a1hI9aVQ+0VowY7+6j8DA==",
      "dev": true,
      "dependencies": {
        "@types/prop-types": "*",
        "@types/scheduler": "*",
        "csstype": "^3.0.2"
      }
    },
    "node_modules/@types/react-dom": {
      "version": "18.2.18",
      "resolved": "https://registry.npmjs.org/@types/react-dom/-/react-dom-18.2.18.tgz",
      "integrity": "sha512-BUtVm8dJx+VAW3jEa0svmWhh6K8h4Q0XplQGLe0kKQlJCHY6f2qBEe/M2dIu0Mt2pJkL0sK0DvIT5nPzCvBkUA==",
      "dev": true,
      "dependencies": {
        "@types/react": "*"
      }
    },
    "node_modules/@typescript-eslint/eslint-plugin": {
      "version": "6.15.0",
      "resolved": "https://registry.npmjs.org/@typescript-eslint/eslint-plugin/-/eslint-plugin-6.15.0.tgz",
      "integrity": "sha512-60ElHXWmqJGLf/CInZTSqZSNz5tKHEFwYQETU6n9RFqW7ly43rGHm4Q7uQZ11I3QVJQ0Lxf7WQWn3YyKuwO2bA==",
      "dev": true,
      "dependencies": {
        "@typescript-eslint/scope-manager": "6.15.0",
        "@typescript-eslint/type-utils": "6.15.0",
        "@typescript-eslint/utils": "6.15.0",
        "debug": "^4.3.4",
        "graphemer": "^1.4.0",
        "ignore": "^5.2.4",
        "natural-compare-lite": "^1.4.0",
        "semver": "^7.5.4",
        "ts-api-utils": "^1.0.1"
      },
      "engines": {
        "node": "^16.0.0 || ^18.0.0 || >=20.0.0"
      },
      "funding": {
        "type": "opencollective",
        "url": "https://opencollective.com/typescript-eslint"
      },
      "peerDependencies": {
        "@typescript-eslint/parser": "^6.0.0 || ^6.0.0-alpha",
        "eslint": "^7.0.0 || ^8.0.0 || ^9.0.0"
      },
      "peerDependenciesMeta": {
        "typescript": {
          "optional": true
        }
      }
    },
    "node_modules/@typescript-eslint/parser": {
      "version": "6.15.0",
      "resolved": "https://registry.npmjs.org/@typescript-eslint/parser/-/parser-6.15.0.tgz",
      "integrity": "sha512-zED8/ylUjJ7It1Nxq66gP3M3wX+ss7UPDp7vM8e4s9C8sUQvTtVLR+43PXzZ9ax4l7Hts4aY1HEf4y75ShMPSQ==",
      "dev": true,
      "dependencies": {
        "@typescript-eslint/scope-manager": "6.15.0",
        "@typescript-eslint/types": "6.15.0",
        "@typescript-eslint/visitor-keys": "6.15.0",
        "debug": "^4.3.4",
        "globals": "^13.24.0",
        "graphemer": "^1.4.0",
        "levn": "^0.4.1",
        "semver": "^7.5.4",
        "typescript": "^4.8.4"
      },
      "engines": {
        "node": "^16.0.0 || ^18.0.0 || >=20.0.0"
      },
      "funding": {
        "type": "opencollective",
        "url": "https://opencollective.com/typescript-eslint"
      },
      "peerDependencies": {
        "eslint": "^7.0.0 || ^8.0.0 || ^9.0.0"
      }
    },
    "node_modules/@typescript-eslint/scope-manager": {
      "version": "6.15.0",
      "resolved": "https://registry.npmjs.org/@typescript-eslint/scope-manager/-/scope-manager-6.15.0.tgz",
      "integrity": "sha512-dpZvKulVxVqJj80rjJ3Q3XgQC/jGvKGE5Qo67TzS0NaPt7tJ0g//lYpCx+df/lF9S1Fc4/gY6o3lspggmQxn+Q==",
      "dev": true,
      "dependencies": {
        "@typescript-eslint/types": "6.15.0",
        "@typescript-eslint/visitor-keys": "6.15.0"
      },
      "engines": {
        "node": "^16.0.0 || ^18.0.0 || >=20.0.0"
      },
      "funding": {
        "type": "opencollective",
        "url": "https://opencollective.com/typescript-eslint"
      }
    },
    "node_modules/@typescript-eslint/type-utils": {
      "version": "6.15.0",
      "resolved": "https://registry.npmjs.org/@typescript-eslint/type-utils/-/type-utils-6.15.0.tgz",
      "integrity": "sha512-2D9gf+oazmWlknMW9lGv9MZ/+r/1bNpNaF4eEPqPcJghl8kf4u/m7F83L9A36JiiC6B6XKjQNSQ8WkdgQ7yLIQ==",
      "dev": true,
      "dependencies": {
        "@typescript-eslint/typescript-estree": "6.15.0",
        "@typescript-eslint/utils": "6.15.0",
        "debug": "^4.3.4",
        "ts-api-utils": "^1.0.1"
      },
      "engines": {
        "node": "^16.0.0 || ^18.0.0 || >=20.0.0"
      },
      "funding": {
        "type": "opencollective",
        "url": "https://opencollective.com/typescript-eslint"
      },
      "peerDependencies": {
        "eslint": "^7.0.0 || ^8.0.0 || ^9.0.0"
      },
      "peerDependenciesMeta": {
        "typescript": {
          "optional": true
        }
      }
    },
    "node_modules/@typescript-eslint/types": {
      "version": "6.15.0",
      "resolved": "https://registry.npmjs.org/@typescript-eslint/types/-/types-6.15.0.tgz",
      "integrity": "sha512-Nkx4E+73vBZJN2YqIq5f6bfAOBnw6tZ4gnHDnBeRbsXiGGDcfoqSHE4EQSOX1Eosz2V2gPjkXlIW97bjkHFyBw==",
      "dev": true,
      "engines": {
        "node": "^16.0.0 || ^18.0.0 || >=20.0.0"
      },
      "funding": {
        "type": "opencollective",
        "url": "https://opencollective.com/typescript-eslint"
      }
    },
    "node_modules/@typescript-eslint/typescript-estree": {
      "version": "6.15.0",
      "resolved": "https://registry.npmjs.org/@typescript-eslint/typescript-estree/-/typescript-estree-6.15.0.tgz",
      "integrity": "sha512-eIq5Z43ojj6JgE8aTyvcv9ZKKObu2T20fFfC0IS1M/6fVYXu6e+gQu5dyylr7K0C+4lMpTVyGq8S/VwDAD2G3g==",
      "dev": true,
      "dependencies": {
        "@typescript-eslint/types": "6.15.0",
        "@typescript-eslint/visitor-keys": "6.15.0",
        "debug": "^4.3.4",
        "globby": "^11.1.0",
        "is-glob": "^4.0.3",
        "semver": "^7.5.4",
        "ts-api-utils": "^1.0.1"
      },
      "engines": {
        "node": "^16.0.0 || ^18.0.0 || >=20.0.0"
      },
      "funding": {
        "type": "opencollective",
        "url": "https://opencollective.com/typescript-eslint"
      },
      "peerDependenciesMeta": {
        "typescript": {
          "optional": true
        }
      }
    },
    "node_modules/@typescript-eslint/utils": {
      "version": "6.15.0",
      "resolved": "https://registry.npmjs.org/@typescript-eslint/utils/-/utils-6.15.0.tgz",
      "integrity": "sha512-lJ9vEQ+W3kL1AqWX4Qf1B8HRnQ4H3W8ln9G5zR8TX+Qfw7QeBIMb4d9B1AH/zEUrvYyly8ADGpjg5edVKxKKXg==",
      "dev": true,
      "dependencies": {
        "@eslint-community/eslint-utils": "^4.2.0",
        "@typescript-eslint/scope-manager": "6.15.0",
        "@typescript-eslint/types": "6.15.0",
        "@typescript-eslint/typescript-estree": "6.15.0",
        "eslint-scope": "^5.1.1"
      },
      "engines": {
        "node": "^16.0.0 || ^18.0.0 || >=20.0.0"
      },
      "funding": {
        "type": "opencollective",
        "url": "https://opencollective.com/typescript-eslint"
      },
      "peerDependencies": {
        "eslint": "^7.0.0 || ^8.0.0 || ^9.0.0"
      }
    },
    "node_modules/@typescript-eslint/visitor-keys": {
      "version": "6.15.0",
      "resolved": "https://registry.npmjs.org/@typescript-eslint/visitor-keys/-/visitor-keys-6.15.0.tgz",
      "integrity": "sha512-9o1jE2zY27FQK3Lx2bbGnWjIoHvjNpM7fpE9Uem+Fw6UNbxZ08CYk3sSutpL9bHAwBzCEmHqVdT6ZPJ4QY2AhQ==",
      "dev": true,
      "dependencies": {
        "@typescript-eslint/types": "6.15.0",
        "eslint-visitor-keys": "^3.4.1"
      },
      "engines": {
        "node": "^16.0.0 || ^18.0.0 || >=20.0.0"
      },
      "funding": {
        "type": "opencollective",
        "url": "https://opencollective.com/typescript-eslint"
      }
    },
    "node_modules/autoprefixer": {
      "version": "10.4.16",
      "resolved": "https://registry.npmjs.org/autoprefixer/-/autoprefixer-10.4.16.tgz",
      "integrity": "sha512-7L2XfBxV1Rmoc+2vY6HaTQK2jJdww8cIqCjHKTXXhMhXvhF3FQ7szHpNLBxkbLx+W+uyrXGJ9v/+ZgVhqwkyLg==",
      "funding": [
        {
          "type": "opencollective",
          "url": "https://opencollective.com/csstools"
        }
      ],
      "dependencies": {
        "browserslist": "^4.21.10",
        "caniuse-lite": "^1.0.30001573",
        "fraction.js": "^4.3.7",
        "normalize-range": "^0.1.2",
        "picocolors": "^1.0.0",
        "postcss-value-parser": "^4.2.0"
      },
      "bin": {
        "autoprefixer": "bin/autoprefixer"
      },
      "engines": {
        "node": ">=10"
      },
      "peerDependencies": {
        "postcss": "^8.1.0"
      }
    },
    "node_modules/bcryptjs": {
      "version": "2.4.3",
      "resolved": "https://registry.npmjs.org/bcryptjs/-/bcryptjs-2.4.3.tgz",
      "integrity": "sha512-V/Hy/X9Vt7f3BbPJEi8BdVFMByHi+jNXrYkW3huaybV/kQ0KJg0Y6PkEMbn+zeT+i+SiKZ/HMqJGIIt4LZDqNQ=="
    },
    "node_modules/browserslist": {
      "version": "4.22.2",
      "resolved": "https://registry.npmjs.org/browserslist/-/browserslist-4.22.2.tgz",
      "integrity": "sha512-CeL8ZoWFPQOLYSxne8GKZZDfaX1y/nL/VFhE0da/w4Eot8v84dMGsNlIYh6H2xWtrPBqXv4Pggv9Vq45Wqy54g==",
      "funding": [
        {
          "type": "opencollective",
          "url": "https://opencollective.com/browserslist"
        },
        {
          "type": "tidelift",
          "url": "https://tidelift.com/funding/github/npm/browserslist"
        }
      ],
      "dependencies": {
        "caniuse-lite": "^1.0.30001573",
        "electron-to-chromium": "^1.4.668",
        "node-releases": "^2.0.14",
        "update-browserslist-db": "^1.0.13"
      },
      "bin": {
        "browserslist": "cli.js"
      },
      "engines": {
        "node": ">=6"
      }
    },
    "node_modules/caniuse-lite": {
      "version": "1.0.30001604",
      "resolved": "https://registry.npmjs.org/caniuse-lite/-/caniuse-lite-1.0.30001604.tgz",
      "integrity": "sha512-1BSph8hUYpIqoHgT2lpOQrJfGj2iCVVcJ8jfYq/JkssBR/BO8GaAq5eZ0CIC0sUC7cyo10yREyZSSOsE7lS1oQ==",
      "funding": [
        {
          "type": "opencollective",
          "url": "https://opencollective.com/browserslist"
        },
        {
          "type": "tidelift",
          "url": "https://tidelift.com/funding/github/npm/caniuse-lite"
        }
      ]
    },
    "node_modules/date-fns": {
      "version": "3.0.6",
      "resolved": "https://registry.npmjs.org/date-fns/-/date-fns-3.0.6.tgz",
      "integrity": "sha512-bKb6zllA8Kb4J/Sqj6WpLLYYJ2PVfM6n+2A1opQc8/dlY3fqy/+hA3a4GAYpO/LtA1vEB9VjGW7Uwx5PeLPOMA==",
      "engines": {
        "node": ">=16"
      },
      "funding": {
        "type": "github",
        "url": "https://github.com/sponsors/kossnocorp"
      }
    },
    "node_modules/debug": {
      "version": "4.3.4",
      "resolved": "https://registry.npmjs.org/debug/-/debug-4.3.4.tgz",
      "integrity": "sha512-PRWFHuSU3eDtQJPvnNY7Jcket1j0t5OuOsFzPPzsekD52Zl8qUfFIPEiswXqIvHWGVHOgX+7G/vCNNhehwxfkQ==",
      "dev": true,
      "dependencies": {
        "ms": "2.1.2"
      },
      "engines": {
        "node": ">=6.0"
      },
      "peerDependenciesMeta": {
        "supports-color": {
          "optional": true
        }
      }
    },
    "node_modules/dompurify": {
      "version": "3.0.6",
      "resolved": "https://registry.npmjs.org/dompurify/-/dompurify-3.0.6.tgz",
      "integrity": "sha512-BX3MXK4tZH0G2ywwgJhzXfa0Yl0eoA1qHIxZpGL4LxcKcGjs43QpYFT2PL7h9yWnQ0riGZq9V4JUrP5yHLuNtw==",
      "dependencies": {
        "isomorphic-dompurify": "^2.0.0"
      },
      "engines": {
        "node": ">=18.0.0"
      }
    },
    "node_modules/electron-to-chromium": {
      "version": "1.4.676",
      "resolved": "https://registry.npmjs.org/electron-to-chromium/-/electron-to-chromium-1.4.676.tgz",
      "integrity": "sha512-Dy0TjC5P7sWJAM/zNhU1jQbVMsJrgJg0f7NWwxBSe66v/jqazbGqh7FqIxPPz8vy3dlG2JhN/yQjwyT57Cjp2A=="
    },
    "node_modules/eslint": {
      "version": "8.56.0",
      "resolved": "https://registry.npmjs.org/eslint/-/eslint-8.56.0.tgz",
      "integrity": "sha512-ZwKQlQyKQv8i7cAGBtD1SOnCyx66BvDbqQu76hp7grSiiTkXQIZFKRB/X3w7Jh5SAlLcbS0YOSQs1jkR3pQqCg==",
      "dev": true,
      "dependencies": {
        "@eslint-community/eslint-utils": "^4.2.0",
        "@eslint-community/regexpp": "^4.6.0",
        "@eslint/eslintrc": "^2.1.4",
        "@eslint/js": "8.56.0",
        "@humanwhocodes/config-array": "^0.11.14",
        "@humanwhocodes/module-importer": "^1.0.1",
        "@nodelib/fs.walk": "^1.2.8",
        "@ungap/structured-clone": "^1.2.0",
        "ajv": "^6.12.4",
        "chalk": "^4.0.0",
        "cross-spawn": "^7.0.2",
        "debug": "^4.3.2",
        "doctrine": "^3.0.0",
        "escape-string-regexp": "^4.0.0",
        "eslint-scope": "^7.2.2",
        "eslint-visitor-keys": "^3.4.3",
        "espree": "^9.6.1",
        "estree-walker": "^2.0.2",
        "fast-deep-equal": "^3.1.3",
        "file-entry-cache": "^6.0.1",
        "find-up": "^5.0.0",
        "glob-parent": "^6.0.2",
        "globals": "^13.24.0",
        "graphemer": "^1.4.0",
        "ignore": "^5.2.4",
        "import-fresh": "^3.0.0",
        "imurmurhash": "^0.1.4",
        "is-glob": "^4.0.0",
        "is-path-inside": "^3.0.3",
        "js-yaml": "^4.1.0",
        "json-stable-stringify-without-jsonify": "^1.0.1",
        "levn": "^0.4.1",
        "lodash.merge": "^4.6.2",
        "minimatch": "^3.1.2",
        "natural-compare": "^1.4.0",
        "option-parser": "^0.1.0",
        "strip-ansi": "^6.0.1",
        "text-table": "^0.2.0"
      },
      "engines": {
        "node": "^12.22.0 || ^14.17.0 || >=16.0.0"
      },
      "funding": {
        "url": "https://opencollective.com/eslint"
      },
      "bin": {
        "eslint": "bin/eslint.js"
      }
    },
    "node_modules/eslint-config-next": {
      "version": "14.0.4",
      "resolved": "https://registry.npmjs.org/eslint-config-next/-/eslint-config-next-14.0.4.tgz",
      "integrity": "sha512-fqFEDxR3MCO0oG4wjTg2unYUqZ7b6gSta8kX9pkjJ0W+3wwriXYUwJCHquRg8LzGjCupGY59udMf6eFydMl22Q==",
      "dev": true,
      "dependencies": {
        "@next/eslint-plugin-next": "14.0.4",
        "@typescript-eslint/eslint-plugin": "^6.13.1",
        "@typescript-eslint/parser": "^6.13.1",
        "eslint-import-resolver-node": "^0.3.6",
        "eslint-import-resolver-typescript": "^3.6.1",
        "eslint-plugin-import": "^2.29.0",
        "eslint-plugin-jsx-a11y": "^6.8.0",
        "eslint-plugin-react": "^7.33.2",
        "eslint-plugin-react-hooks": "^4.6.0"
      },
      "peerDependencies": {
        "eslint": "^7.23.0 || ^8.0.0",
        "typescript": ">=3.3.1"
      }
    },
    "node_modules/eslint-scope": {
      "version": "7.2.2",
      "resolved": "https://registry.npmjs.org/eslint-scope/-/eslint-scope-7.2.2.tgz",
      "integrity": "sha512-dOt21O7lTMhDM+X9mB4GX+DZrZtCUJPL/wlcTqxyrx5IvO0IYtILdtrQGQp+8n5S0gwSVmOf9NQrjMOgfQZlIg==",
      "dev": true,
      "dependencies": {
        "esrecurse": "^4.3.0",
        "estraverse": "^5.2.0"
      },
      "engines": {
        "node": ">=12.22"
      }
    },
    "node_modules/fraction.js": {
      "version": "4.3.7",
      "resolved": "https://registry.npmjs.org/fraction.js/-/fraction.js-4.3.7.tgz",
      "integrity": "sha512-ZsDfxO51wGAXREY55a7la9LScWpwvC7NktgiseniUWHaVFgTpCTcNcQRNn4hK3j15kRiqwhAkq5eeISgqgU31w==",
      "engines": {
        "node": "*"
      },
      "funding": {
        "type": "patreon",
        "url": "https://www.patreon.com/infusion"
      }
    },
    "node_modules/isomorphic-dompurify": {
      "version": "2.4.0",
      "resolved": "https://registry.npmjs.org/isomorphic-dompurify/-/isomorphic-dompurify-2.4.0.tgz",
      "integrity": "sha512-Oth7AnW8J5B3Y7cmm1ZX2Ies3zW/sHFNM8O5oz38qPyLNH1h8jIoLWq1PIOG2Q9DHlwjfKqOawbWPDByGEmO9w==",
      "dependencies": {
        "dompurify": "^3.0.0"
      },
      "peerDependencies": {
        "jsdom": ">=16.0.0",
        "jsdom-global": ">=3.0.0"
      },
      "peerDependenciesMeta": {
        "jsdom": {
          "optional": true
        },
        "jsdom-global": {
          "optional": true
        }
      }
    },
    "node_modules/jsonwebtoken": {
      "version": "9.0.2",
      "resolved": "https://registry.npmjs.org/jsonwebtoken/-/jsonwebtoken-9.0.2.tgz",
      "integrity": "sha512-PRp66vJ865SSqOlgq9B6+76zOjvlasHp5uAhfN0GQlDQQXfklp8eVNfaUhvfK+zqZtq1LgMq6Nj+UDeSBPcJHA==",
      "dependencies": {
        "jws": "^3.2.2",
        "lodash": "^4.17.21",
        "ms": "^2.1.1",
        "semver": "^7.5.3"
      },
      "engines": {
        "node": ">=12",
        "npm": ">=6"
      }
    },
    "node_modules/jws": {
      "version": "3.2.2",
      "resolved": "https://registry.npmjs.org/jws/-/jws-3.2.2.tgz",
      "integrity": "sha512-YHlZCB6lMTllWDtSPHz/ZXTsi8S00usEV6v1tjq8tOUZzw7DpSDWVXjXDre6ed1w/pd495ODpHZYSdkRTsa0HA==",
      "dependencies": {
        "jwa": "^1.4.1",
        "safe-buffer": "^5.0.1"
      }
    },
    "node_modules/lodash": {
      "version": "4.17.21",
      "resolved": "https://registry.npmjs.org/lodash/-/lodash-4.17.21.tgz",
      "integrity": "sha512-v2kDEe57lecTulaDIuNTPy3Ry4gLGJ6Z1O3vE1krgXZNrsQ+LFTGHVxVjcXPs17LhbZVGedAJv8XZ1tvj5FvSg=="
    },
    "node_modules/marked": {
      "version": "11.1.1",
      "resolved": "https://registry.npmjs.org/marked/-/marked-11.1.1.tgz",
      "integrity": "sha512-MxqJ9N5MdJSZsRZZuV7a5fP2F4qfPvhFj/MeKCZfA5Z5yl/iMp33v7CylZsjC1oXh8O9ZdDzUfzVnJhAIIw++g==",
      "bin": {
        "marked": "bin/marked"
      },
      "engines": {
        "node": ">= 18"
      }
    },
    "node_modules/ms": {
      "version": "2.1.2",
      "resolved": "https://registry.npmjs.org/ms/-/ms-2.1.2.tgz",
      "integrity": "sha512-sGkPx+VjMtmA6MX27oA4FBFELFCZZ4S4XqeGOXCv68tT+jb3vk/RyaKWP0PTKyWtmLSM0b+adUTEvbs1PEaH2w=="
    },
    "node_modules/next": {
      "version": "14.0.4",
      "resolved": "https://registry.npmjs.org/next/-/next-14.0.4.tgz",
      "integrity": "sha512-5uA3L6z9IbH8gNxCmXq0VP2PIRJ5+En4K0/Qr6cUB9em0n/s5bR27wzYia24dSn9Zk9MzP9jRCPC3jeKk1Eoqw==",
      "dependencies": {
        "@next/env": "14.0.4",
        "@swc/helpers": "0.5.2",
        "caniuse-lite": "^1.0.30001604",
        "postcss": "8.4.32",
        "react": "18.2.0",
        "react-dom": "18.2.0",
        "styled-jsx": "5.1.1",
        "use-sync-external-store": "1.2.0"
      },
      "bin": {
        "next": "dist/bin/next"
      },
      "engines": {
        "node": ">=18.17.0"
      },
      "optionalDependencies": {
        "@next/swc-darwin-arm64": "14.0.4",
        "@next/swc-darwin-x64": "14.0.4",
        "@next/swc-linux-arm64-gnu": "14.0.4",
        "@next/swc-linux-arm64-musl": "14.0.4",
        "@next/swc-linux-x64-gnu": "14.0.4",
        "@next/swc-linux-x64-musl": "14.0.4",
        "@next/swc-win32-arm64-msvc": "14.0.4",
        "@next/swc-win32-ia32-msvc": "14.0.4",
        "@next/swc-win32-x64-msvc": "14.0.4"
      }
    },
    "node_modules/node-releases": {
      "version": "2.0.14",
      "resolved": "https://registry.npmjs.org/node-releases/-/node-releases-2.0.14.tgz",
      "integrity": "sha512-y10wOWt8yZpqXmOgRo77WaHEmhYQYGNA6y421PKsKYWEK8aW+cqAphborZDhqfyKrbZEN92CN1X2KbafY2s7Yw=="
    },
    "node_modules/normalize-range": {
      "version": "0.1.2",
      "resolved": "https://registry.npmjs.org/normalize-range/-/normalize-range-0.1.2.tgz",
      "integrity": "sha512-bdok/XvKII3nUpklnV6P2hxtMNrCboOjAcyBuQnWEhO665FwrSNRxU+AqpsyvO6LgGYPspN+lu5CLtw4jPRKNA==",
      "engines": {
        "node": ">=0.10.0"
      }
    },
    "node_modules/picocolors": {
      "version": "1.0.0",
      "resolved": "https://registry.npmjs.org/picocolors/-/picocolors-1.0.0.tgz",
      "integrity": "sha512-1fygroTLlHu66zi26VoTDv8yRgm0Fccecssto+MhsZ0D/DGW2sm8E8AjW7NU5VVTRt5GxbeZ5qBuJr+HyLYkjQ=="
    },
    "node_modules/postcss": {
      "version": "8.4.32",
      "resolved": "https://registry.npmjs.org/postcss/-/postcss-8.4.32.tgz",
      "integrity": "sha512-bn2GvY9zaQov5dUcQxV7KgFk6JVA4pJzmC+slLq1L7BH6kQWl4vjPQC6OmBmUNurC8cQ8hsd85vrmOQ6r3hGmw==",
      "funding": [
        {
          "type": "opencollective",
          "url": "https://opencollective.com/postcss"
        },
        {
          "type": "tidelift",
          "url": "https://tidelift.com/funding/github/npm/postcss"
        }
      ],
      "dependencies": {
        "nanoid": "^3.3.6",
        "picocolors": "^1.0.0",
        "source-map-js": "^1.0.2"
      },
      "engines": {
        "node": "^10 || ^12 || >=14"
      }
    },
    "node_modules/postcss-value-parser": {
      "version": "4.2.0",
      "resolved": "https://registry.npmjs.org/postcss-value-parser/-/postcss-value-parser-4.2.0.tgz",
      "integrity": "sha512-1NNCs6uurfkVbeXG4S8JFT9t19m45ICnif8zWLd5oPSZ50QnwMfK+H3jv408d4jw/7Bttv5axS5IiHoLaVNHeQ=="
    },
    "node_modules/react": {
      "version": "18.2.0",
      "resolved": "https://registry.npmjs.org/react/-/react-18.2.0.tgz",
      "integrity": "sha512-/3IjMdb2L9QbBdWiW5e3P2/npwMBaU9mHCSCUzNln0ZCYbcfTsGbTJrU/kGemdH2IWmB2ioZ+zkxtmq6g09fGQ==",
      "peer": true,
      "dependencies": {
        "loose-envify": "^1.1.0"
      },
      "engines": {
        "node": ">=0.10.0"
      }
    },
    "node_modules/react-dom": {
      "version": "18.2.0",
      "resolved": "https://registry.npmjs.org/react-dom/-/react-dom-18.2.0.tgz",
      "integrity": "sha512-6IMTriUmvsjHUjNtEDudMfu/+PQVwhDuZ3eBUfmLWQv5Uiaj0z+2ssCypgwZvG7g3IdufD6sD3WQ/4v8F6Jd+Q==",
      "peer": true,
      "dependencies": {
        "loose-envify": "^1.1.0",
        "scheduler": "^0.23.0"
      },
      "peerDependencies": {
        "react": "^18.2.0"
      }
    },
    "node_modules/react-hook-form": {
      "version": "7.48.2",
      "resolved": "https://registry.npmjs.org/react-hook-form/-/react-hook-form-7.48.2.tgz",
      "integrity": "sha512-OKHmLT/iW6+3BQgrMEV5ESVKzPmQSqN4sfk2Y32xUcf3VXstqC1f5wkX4XHkfeREz1yU7nP1xLFkJjA0fJNBNg==",
      "engines": {
        "node": ">=12.22.0"
      },
      "funding": {
        "type": "opencollective",
        "url": "https://opencollective.com/react-hook-form"
      }
    },
    "node_modules/reflect-metadata": {
      "version": "0.2.1",
      "resolved": "https://registry.npmjs.org/reflect-metadata/-/reflect-metadata-0.2.1.tgz",
      "integrity": "sha512-6q6nBYCjSq1cRqFMMCZSLz42w2Zq0HecIMbPkSWRyvENY5pRfFSN1f/LnFqS6j/8/NT2LJ9T2W+6O9CqV0/6cg==",
      "dev": true
    },
    "node_modules/safe-buffer": {
      "version": "5.2.1",
      "resolved": "https://registry.npmjs.org/safe-buffer/-/safe-buffer-5.2.1.tgz",
      "integrity": "sha512-rp3So07KcdmmKbGvgaNxQSJr7bGVSVk5S9Eq1F+ppbRo70+YeaDxkw5Dd8NPN+GD6bjnYm2VuPuCXmpuYvmCXQ==",
      "funding": [
        {
          "type": "github",
          "url": "https://github.com/sponsors/feross"
        },
        {
          "type": "patreon",
          "url": "https://www.patreon.com/feross"
        },
        {
          "type": "crypto",
          "url": "https://bitcoin.org/en/"
        }
      ]
    },
    "node_modules/semver": {
      "version": "7.5.4",
      "resolved": "https://registry.npmjs.org/semver/-/semver-7.5.4.tgz",
      "integrity": "sha512-1bCSESV6Pv+i21Hvpxp3Dx+pSD8lIPt8uVjRrxAUt/nbswYc+sKiglyDMoMFDpegoofS5geg6MKPPF8dmLymzQ==",
      "dev": true,
      "dependencies": {
        "lru-cache": "^6.0.0"
      },
      "bin": {
        "semver": "bin/semver.js"
      },
      "engines": {
        "node": ">=10"
      }
    },
    "node_modules/sqlite3": {
      "version": "5.1.7",
      "resolved": "https://registry.npmjs.org/sqlite3/-/sqlite3-5.1.7.tgz",
      "integrity": "sha512-rVoB7WrR3ZcZzELeYCZ+E2cUu44h6G5pF6W7xy7xdzi9/q/MWbPJSNy7KQd8hOoSKWKPhzNkPCCj/hjUy5HpCA==",
      "hasInstallScript": true,
      "dependencies": {
        "@mapbox/node-pre-gyp": "^1.0.0",
        "node-addon-api": "^4.2.0",
        "node-gyp": "^8.4.1",
        "tar": "^6.1.2"
      },
      "optionalDependencies": {
        "@sqlite.org/sqlite-wasm": "^3.42.0-build1"
      },
      "engines": {
        "node": ">=10.16.0"
      }
    },
    "node_modules/tailwindcss": {
      "version": "3.4.0",
      "resolved": "https://registry.npmjs.org/tailwindcss/-/tailwindcss-3.4.0.tgz",
      "integrity": "sha512-lfyKf4NlZwPqVHR9n0R6Q1w1Z4Lry/2qOlWN8oQdKPAH0bVbTdLh6M+8tXe3c+O0q4wJQ4dGv8/dsXQvWrpqWGA==",
      "dependencies": {
        "@tailwindcss/oxide": "^0.9.0",
        "arg": "^5.0.2",
        "chokidar": "^3.6.0",
        "color-name": "^1.1.4",
        "detective": "^5.2.1",
        "didyoumean": "^1.2.2",
        "dlv": "^1.1.3",
        "fast-glob": "^3.3.2",
        "glob-parent": "^6.0.2",
        "is-glob": "^4.0.3",
        "jiti": "^1.19.3",
        "lilconfig": "^2.1.0",
        "micromatch": "^4.0.5",
        "normalize-path": "^3.0.0",
        "object-hash": "^3.0.0",
        "picocolors": "^1.0.0",
        "postcss": "^8.4.32",
        "postcss-import": "^15.1.0",
        "postcss-js": "^4.0.1",
        "postcss-load-config": "^4.0.1",
        "postcss-nested": "^6.0.1",
        "postcss-selector-parser": "^6.0.13",
        "resolve": "^1.22.8",
        "sucrase": "^3.34.0"
      },
      "bin": {
        "tailwind": "lib/cli.js",
        "tailwindcss": "lib/cli.js"
      },
      "engines": {
        "node": ">=14.0.0"
      }
    },
    "node_modules/ts-node": {
      "version": "10.9.2",
      "resolved": "https://registry.npmjs.org/ts-node/-/ts-node-10.9.2.tgz",
      "integrity": "sha512-f0FFpIdcHgn8zcPSbf1dRevwt047YMnaiJM3u2w2RewrB+fob/zeKDxpPFwVecUQ01RgQz+HYJQcyM/CNZ+45g==",
      "dev": true,
      "dependencies": {
        "@cspotcode/source-map-support": "0.8.1",
        "@tsconfig/node10": "^1.0.9",
        "@tsconfig/node12": "^1.0.11",
        "@tsconfig/node14": "^1.0.3",
        "@tsconfig/node16": "^1.0.4",
        "acorn": "^8.8.2",
        "acorn-walk": "^8.2.0",
        "arg": "^4.1.0",
        "create-require": "^1.1.0",
        "diff": "^4.0.2",
        "make-error": "^1.1.1",
        "tsconfig-paths": "^4.2.0",
        "v8-compile-cache-lib": "^3.0.1"
      },
      "bin": {
        "ts-node": "dist/bin.js",
        "ts-node-cwd": "dist/bin-cwd.js",
        "ts-node-esm": "dist/bin-esm.js",
        "ts-node-script": "dist/bin-script.js",
        "ts-node-transpile-only": "dist/bin-transpile-only.js"
      },
      "peerDependencies": {
        "@swc/core": ">=1.2.50",
        "@swc/wasm": ">=1.2.50",
        "typescript": ">=3.6.2"
      },
      "peerDependenciesMeta": {
        "@swc/core": {
          "optional": true
        },
        "@swc/wasm": {
          "optional": true
        }
      }
    },
    "node_modules/tsconfig-paths": {
      "version": "4.2.0",
      "resolved": "https://registry.npmjs.org/tsconfig-paths/-/tsconfig-paths-4.2.0.tgz",
      "integrity": "sha512-NoZ4roiN7LnbKn9QqE1amc9DJfzvZXxF4xDavcOWt1BPkdx+m+0gJuPM+S0vCe7zTJMYUP0R2wL1tLX6nmC3BA==",
      "dev": true,
      "dependencies": {
        "json5": "^2.2.2",
        "minimist": "^1.2.6",
        "strip-bom": "^3.0.0"
      },
      "engines": {
        "node": ">=6"
      }
    },
    "node_modules/typeorm": {
      "version": "0.3.19",
      "resolved": "https://registry.npmjs.org/typeorm/-/typeorm-0.3.19.tgz",
      "integrity": "sha512-FB18Us7Jbe1hBQxEQgbFdSX3SBtK/DdI8I77vz5a4v+X6mrdCnVkthhX4vsnR1N/mK17zN0r0jAPkmf5u3r5jQ==",
      "dependencies": {
        "app-root-path": "^3.1.0",
        "chalk": "^4.1.2",
        "cli-highlight": "^2.1.11",
        "glob": "^8.1.0",
        "js-yaml": "^4.1.0",
        "lru-cache": "^7.14.1",
        "mkdirp": "^1.0.4",
        "reflect-metadata": "^0.1.13",
        "shimmer": "^1.2.1",
        "yargs": "^17.7.2"
      },
      "bin": {
        "typeorm": "cli.js"
      },
      "engines": {
        "node": ">=12"
      },
      "funding": {
        "type": "github",
        "url": "https://github.com/sponsors/typeorm"
      }
    },
    "node_modules/typescript": {
      "version": "5.3.3",
      "resolved": "https://registry.npmjs.org/typescript/-/typescript-5.3.3.tgz",
      "integrity": "sha512-pXWcraxM0uxAS+tN0AG/BF2TyqmHO014Z070UsJ+pFvYuRSq8KH8DmWpnbXe0pEPDHXZV3FcAbJkijJ5oNEnWw==",
      "dev": true,
      "bin": {
        "tsc": "bin/tsc",
        "tsserver": "bin/tsserver"
      },
      "engines": {
        "node": ">=14.17"
      }
    },
    "node_modules/undici-types": {
      "version": "5.26.5",
      "resolved": "https://registry.npmjs.org/undici-types/-/undici-types-5.26.5.tgz",
      "integrity": "sha512-JlCMO+ehdEIKqlFxk6IfVoAUVmgz7cU7zD/h9XZ0qzeosSHmUJVOzSQvvYSYWXkFXC+IfLKSIffhv0sVZup6pA==",
      "dev": true
    },
    "node_modules/update-browserslist-db": {
      "version": "1.0.14",
      "resolved": "https://registry.npmjs.org/update-browserslist-db/-/update-browserslist-db-1.0.14.tgz",
      "integrity": "sha512-4KRkLoqzAqjk8pUQc2ww2OWvE26BO5LuhN0MEK/uvQSK2M5dfHrqHYZWq8KGBPz5qkG8jQk9/0fVXlN8UQQLwA==",
      "funding": [
        {
          "type": "opencollective",
          "url": "https://opencollective.com/browserslist"
        },
        {
          "type": "tidelift",
          "url": "https://tidelift.com/funding/github/npm/browserslist"
        }
      ],
      "dependencies": {
        "escalade": "^3.1.1",
        "picocolors": "^1.0.0"
      },
      "bin": {
        "update-browserslist-db": "cli.js"
      },
      "peerDependencies": {
        "browserslist": ">= 4.21.0"
      }
    }
  }
}